
Microsoft Visual Studio Solution File, Format Version 12.00
# Visual Studio Version 17
VisualStudioVersion = 17.5.002.0
MinimumVisualStudioVersion = 10.0.40219.1
Project("{9A19103F-16F7-4668-BE54-9A1E7A4F7556}") = "CustomerCartAPI", "CustomerCartAPI.csproj", "{87A58A86-62E6-440E-A36F-284B7F165CCB}"
EndProject
Global
	GlobalSection(SolutionConfigurationPlatforms) = preSolution
		Debug|Any CPU = Debug|Any CPU
		Release|Any CPU = Release|Any CPU
	EndGlobalSection
	GlobalSection(ProjectConfigurationPlatforms) = postSolution
		{87A58A86-62E6-440E-A36F-284B7F165CCB}.Debug|Any CPU.ActiveCfg = Debug|Any CPU
		{87A58A86-62E6-440E-A36F-284B7F165CCB}.Debug|Any CPU.Build.0 = Debug|Any CPU
		{87A58A86-62E6-440E-A36F-284B7F165CCB}.Release|Any CPU.ActiveCfg = Release|Any CPU
		{87A58A86-62E6-440E-A36F-284B7F165CCB}.Release|Any CPU.Build.0 = Release|Any CPU
	EndGlobalSection
	GlobalSection(SolutionProperties) = preSolution
		HideSolutionNode = FALSE
	EndGlobalSection
	GlobalSection(ExtensibilityGlobals) = postSolution
		SolutionGuid = {D27FD3EA-01AD-40D3-B9BB-20F580658C07}
	EndGlobalSection
EndGlobal
